
Microsoft Visual Studio Solution File, Format Version 12.00
# Visual Studio 15
VisualStudioVersion = 15.0.28307.329
MinimumVisualStudioVersion = 10.0.40219.1
Project("{FAE04EC0-301F-11D3-BF4B-00C04F79EFBC}") = "ConsoleTry", "ConsoleTry\ConsoleTry.csproj", "{94D738AF-641E-4820-9A26-0ADEB027D527}"
EndProject
Project("{FAE04EC0-301F-11D3-BF4B-00C04F79EFBC}") = "XUnitTestProject1", "XUnitTestProject1\XUnitTestProject1.csproj", "{F99D219A-608D-466E-B54A-5EA3BCA9359A}"
EndProject
Project("{2150E333-8FDC-42A3-9474-1A3956D46DE8}") = "Solution Items", "Solution Items", "{BB854900-23C4-4AB2-A774-D0FF35C31286}"
	ProjectSection(SolutionItems) = preProject
		readme.txt = readme.txt
	EndProjectSection
EndProject
Global
	GlobalSection(SolutionConfigurationPlatforms) = preSolution
		Debug|Any CPU = Debug|Any CPU
		Release|Any CPU = Release|Any CPU
	EndGlobalSection
	GlobalSection(ProjectConfigurationPlatforms) = postSolution
		{94D738AF-641E-4820-9A26-0ADEB027D527}.Debug|Any CPU.ActiveCfg = Debug|Any CPU
		{94D738AF-641E-4820-9A26-0ADEB027D527}.Debug|Any CPU.Build.0 = Debug|Any CPU
		{94D738AF-641E-4820-9A26-0ADEB027D527}.Release|Any CPU.ActiveCfg = Release|Any CPU
		{94D738AF-641E-4820-9A26-0ADEB027D527}.Release|Any CPU.Build.0 = Release|Any CPU
		{F99D219A-608D-466E-B54A-5EA3BCA9359A}.Debug|Any CPU.ActiveCfg = Debug|Any CPU
		{F99D219A-608D-466E-B54A-5EA3BCA9359A}.Debug|Any CPU.Build.0 = Debug|Any CPU
		{F99D219A-608D-466E-B54A-5EA3BCA9359A}.Release|Any CPU.ActiveCfg = Release|Any CPU
		{F99D219A-608D-466E-B54A-5EA3BCA9359A}.Release|Any CPU.Build.0 = Release|Any CPU
	EndGlobalSection
	GlobalSection(SolutionProperties) = preSolution
		HideSolutionNode = FALSE
	EndGlobalSection
	GlobalSection(ExtensibilityGlobals) = postSolution
		SolutionGuid = {EBBFA078-17EB-4BE2-9814-904CB88F6D19}
	EndGlobalSection
EndGlobal
